
Microsoft Visual Studio Solution File, Format Version 12.00
# Visual Studio Version 17
VisualStudioVersion = 17.12.35527.113
MinimumVisualStudioVersion = 10.0.40219.1
Project("{9A19103F-16F7-4668-BE54-9A1E7A4F7556}") = "Scrumptiospoc", "Scrumptiospoc\Scrumptiospoc.csproj", "{BB68D16E-5EEE-459F-AB82-4E7F60E25F46}"
EndProject
Project("{9A19103F-16F7-4668-BE54-9A1E7A4F7556}") = "SPoC.Tests", "SPoC.Tests\SPoC.Tests.csproj", "{375F68A0-F5AF-4487-A2B3-BF08F67D9945}"
EndProject
Global
	GlobalSection(SolutionConfigurationPlatforms) = preSolution
		Debug|Any CPU = Debug|Any CPU
		Release|Any CPU = Release|Any CPU
	EndGlobalSection
	GlobalSection(ProjectConfigurationPlatforms) = postSolution
		{BB68D16E-5EEE-459F-AB82-4E7F60E25F46}.Debug|Any CPU.ActiveCfg = Debug|Any CPU
		{BB68D16E-5EEE-459F-AB82-4E7F60E25F46}.Debug|Any CPU.Build.0 = Debug|Any CPU
		{BB68D16E-5EEE-459F-AB82-4E7F60E25F46}.Release|Any CPU.ActiveCfg = Release|Any CPU
		{BB68D16E-5EEE-459F-AB82-4E7F60E25F46}.Release|Any CPU.Build.0 = Release|Any CPU
		{375F68A0-F5AF-4487-A2B3-BF08F67D9945}.Debug|Any CPU.ActiveCfg = Debug|Any CPU
		{375F68A0-F5AF-4487-A2B3-BF08F67D9945}.Debug|Any CPU.Build.0 = Debug|Any CPU
		{375F68A0-F5AF-4487-A2B3-BF08F67D9945}.Release|Any CPU.ActiveCfg = Release|Any CPU
		{375F68A0-F5AF-4487-A2B3-BF08F67D9945}.Release|Any CPU.Build.0 = Release|Any CPU
	EndGlobalSection
	GlobalSection(SolutionProperties) = preSolution
		HideSolutionNode = FALSE
	EndGlobalSection
	GlobalSection(ExtensibilityGlobals) = postSolution
		SolutionGuid = {BD8A4FD5-8D55-4ABE-954B-DCC8BCE62735}
	EndGlobalSection
EndGlobal
